
Microsoft Visual Studio Solution File, Format Version 12.00
# Visual Studio Version 16
VisualStudioVersion = 16.0.31613.86
MinimumVisualStudioVersion = 10.0.40219.1
Project("{FAE04EC0-301F-11D3-BF4B-00C04F79EFBC}") = "Face", "Face\Face.csproj", "{EAB58486-F955-40AF-AD2A-8C88F813BDFF}"
EndProject
Global
	GlobalSection(SolutionConfigurationPlatforms) = preSolution
		Debug|Any CPU = Debug|Any CPU
		Release|Any CPU = Release|Any CPU
	EndGlobalSection
	GlobalSection(ProjectConfigurationPlatforms) = postSolution
		{EAB58486-F955-40AF-AD2A-8C88F813BDFF}.Debug|Any CPU.ActiveCfg = Debug|Any CPU
		{EAB58486-F955-40AF-AD2A-8C88F813BDFF}.Debug|Any CPU.Build.0 = Debug|Any CPU
		{EAB58486-F955-40AF-AD2A-8C88F813BDFF}.Release|Any CPU.ActiveCfg = Release|Any CPU
		{EAB58486-F955-40AF-AD2A-8C88F813BDFF}.Release|Any CPU.Build.0 = Release|Any CPU
	EndGlobalSection
	GlobalSection(SolutionProperties) = preSolution
		HideSolutionNode = FALSE
	EndGlobalSection
	GlobalSection(ExtensibilityGlobals) = postSolution
		SolutionGuid = {96E49320-F0AB-41DB-AF40-21C86BD3503D}
	EndGlobalSection
EndGlobal
